
Microsoft Visual Studio Solution File, Format Version 12.00
# Visual Studio 15
VisualStudioVersion = 15.0.28307.960
MinimumVisualStudioVersion = 10.0.40219.1
Project("{2150E333-8FDC-42A3-9474-1A3956D46DE8}") = "1 - Distributed Layer", "1 - Distributed Layer", "{0922A594-5ECA-4767-990A-0F7140231718}"
EndProject
Project("{2150E333-8FDC-42A3-9474-1A3956D46DE8}") = "2 - Application Layer", "2 - Application Layer", "{6A0D8315-2866-4F47-8756-6920B5213464}"
EndProject
Project("{2150E333-8FDC-42A3-9474-1A3956D46DE8}") = "3 - Domain Layer", "3 - Domain Layer", "{21E9DE84-9019-40E0-9A00-83F24FB8452F}"
EndProject
Project("{2150E333-8FDC-42A3-9474-1A3956D46DE8}") = "4 - Infraestructure Layer", "4 - Infraestructure Layer", "{23ACCFCA-7375-490D-81CA-B76D8FC70B4F}"
EndProject
Project("{2150E333-8FDC-42A3-9474-1A3956D46DE8}") = "5 - Database", "5 - Database", "{D3FB912D-960B-4003-8D60-6DFD867A3019}"
EndProject
Project("{2150E333-8FDC-42A3-9474-1A3956D46DE8}") = "Tests", "Tests", "{7B57A9BD-9159-4CBF-B0A3-B5C624C43590}"
EndProject
Project("{9A19103F-16F7-4668-BE54-9A1E7A4F7556}") = "ProjectsPortifolio.Application", "ProjectsPortifolio.Application\ProjectsPortifolio.Application.csproj", "{CC2626FC-10EE-4CAD-983E-C6D2D7E97E2D}"
EndProject
Project("{9A19103F-16F7-4668-BE54-9A1E7A4F7556}") = "ProjectsPortifolio.API", "ProjectsPortifolio.API\ProjectsPortifolio.API.csproj", "{94E78774-338F-40DC-A2BC-76A876414D8E}"
EndProject
Project("{9A19103F-16F7-4668-BE54-9A1E7A4F7556}") = "ProjectsPortifolio.Infra", "ProjectsPortifolio.Infra\ProjectsPortifolio.Infra.csproj", "{9804B999-FB27-4475-B256-988832F1B05C}"
EndProject
Project("{9A19103F-16F7-4668-BE54-9A1E7A4F7556}") = "ProjectsPortifolio.Infra.Data", "ProjectsPortifolio.Infra.Data\ProjectsPortifolio.Infra.Data.csproj", "{41C01A01-A11D-492D-95D0-369CDC3A0DC8}"
EndProject
Project("{00D1A9C2-B5F0-4AF3-8072-F6C62B433612}") = "ProjectsPortifolio.DB", "ProjectsPortifolio.DB\ProjectsPortifolio.DB.sqlproj", "{71AB2FF6-1666-4FD9-A61D-A6F07A836BFE}"
EndProject
Project("{9A19103F-16F7-4668-BE54-9A1E7A4F7556}") = "ProjectsPortifolio.Integration.Tests", "ProjectsPortifolio.Integration.Tests\ProjectsPortifolio.Integration.Tests.csproj", "{6F9D5C9D-BD1A-497F-9950-84095DE172F2}"
EndProject
Project("{9A19103F-16F7-4668-BE54-9A1E7A4F7556}") = "ProjectsPortifolio.Domain.Test", "ProjectsPortifolio.Domain.Test\ProjectsPortifolio.Domain.Test.csproj", "{3FAC17CF-322D-43F6-A23F-DA467EF6DAA7}"
EndProject
Project("{9A19103F-16F7-4668-BE54-9A1E7A4F7556}") = "ProjectsPortifolio.Infra.Data.Tests", "ProjectsPortifolio.Infra.Data.Tests\ProjectsPortifolio.Infra.Data.Tests.csproj", "{9ADD6208-C80C-4E4E-9CA4-5DE64E66F847}"
EndProject
Project("{9A19103F-16F7-4668-BE54-9A1E7A4F7556}") = "ProjectsPortifolio.Application.Test", "ProjectsPortifolio.Application.Test\ProjectsPortifolio.Application.Test.csproj", "{EF3312A7-D1B3-4962-86CD-DBD1C7279BB8}"
EndProject
Project("{9A19103F-16F7-4668-BE54-9A1E7A4F7556}") = "ProjectsPortifolio.Domain", "ProjectsPortifolio.Domain\ProjectsPortifolio.Domain.csproj", "{532AAEB7-EB0A-4DF3-A610-CF97E304E014}"
EndProject
Project("{9A19103F-16F7-4668-BE54-9A1E7A4F7556}") = "ProjectsPortifolio.Tests.Common", "ProjectsPortifolio.Tests.Common\ProjectsPortifolio.Tests.Common.csproj", "{9D076AFA-FD07-4D96-8241-F7019182C7D7}"
EndProject
Global
	GlobalSection(SolutionConfigurationPlatforms) = preSolution
		Debug|Any CPU = Debug|Any CPU
		Release|Any CPU = Release|Any CPU
	EndGlobalSection
	GlobalSection(ProjectConfigurationPlatforms) = postSolution
		{CC2626FC-10EE-4CAD-983E-C6D2D7E97E2D}.Debug|Any CPU.ActiveCfg = Debug|Any CPU
		{CC2626FC-10EE-4CAD-983E-C6D2D7E97E2D}.Debug|Any CPU.Build.0 = Debug|Any CPU
		{CC2626FC-10EE-4CAD-983E-C6D2D7E97E2D}.Release|Any CPU.ActiveCfg = Release|Any CPU
		{CC2626FC-10EE-4CAD-983E-C6D2D7E97E2D}.Release|Any CPU.Build.0 = Release|Any CPU
		{94E78774-338F-40DC-A2BC-76A876414D8E}.Debug|Any CPU.ActiveCfg = Debug|Any CPU
		{94E78774-338F-40DC-A2BC-76A876414D8E}.Debug|Any CPU.Build.0 = Debug|Any CPU
		{94E78774-338F-40DC-A2BC-76A876414D8E}.Release|Any CPU.ActiveCfg = Release|Any CPU
		{94E78774-338F-40DC-A2BC-76A876414D8E}.Release|Any CPU.Build.0 = Release|Any CPU
		{9804B999-FB27-4475-B256-988832F1B05C}.Debug|Any CPU.ActiveCfg = Debug|Any CPU
		{9804B999-FB27-4475-B256-988832F1B05C}.Debug|Any CPU.Build.0 = Debug|Any CPU
		{9804B999-FB27-4475-B256-988832F1B05C}.Release|Any CPU.ActiveCfg = Release|Any CPU
		{9804B999-FB27-4475-B256-988832F1B05C}.Release|Any CPU.Build.0 = Release|Any CPU
		{41C01A01-A11D-492D-95D0-369CDC3A0DC8}.Debug|Any CPU.ActiveCfg = Debug|Any CPU
		{41C01A01-A11D-492D-95D0-369CDC3A0DC8}.Debug|Any CPU.Build.0 = Debug|Any CPU
		{41C01A01-A11D-492D-95D0-369CDC3A0DC8}.Release|Any CPU.ActiveCfg = Release|Any CPU
		{41C01A01-A11D-492D-95D0-369CDC3A0DC8}.Release|Any CPU.Build.0 = Release|Any CPU
		{71AB2FF6-1666-4FD9-A61D-A6F07A836BFE}.Debug|Any CPU.ActiveCfg = Debug|Any CPU
		{71AB2FF6-1666-4FD9-A61D-A6F07A836BFE}.Debug|Any CPU.Build.0 = Debug|Any CPU
		{71AB2FF6-1666-4FD9-A61D-A6F07A836BFE}.Debug|Any CPU.Deploy.0 = Debug|Any CPU
		{71AB2FF6-1666-4FD9-A61D-A6F07A836BFE}.Release|Any CPU.ActiveCfg = Release|Any CPU
		{71AB2FF6-1666-4FD9-A61D-A6F07A836BFE}.Release|Any CPU.Build.0 = Release|Any CPU
		{71AB2FF6-1666-4FD9-A61D-A6F07A836BFE}.Release|Any CPU.Deploy.0 = Release|Any CPU
		{6F9D5C9D-BD1A-497F-9950-84095DE172F2}.Debug|Any CPU.ActiveCfg = Debug|Any CPU
		{6F9D5C9D-BD1A-497F-9950-84095DE172F2}.Debug|Any CPU.Build.0 = Debug|Any CPU
		{6F9D5C9D-BD1A-497F-9950-84095DE172F2}.Release|Any CPU.ActiveCfg = Release|Any CPU
		{6F9D5C9D-BD1A-497F-9950-84095DE172F2}.Release|Any CPU.Build.0 = Release|Any CPU
		{3FAC17CF-322D-43F6-A23F-DA467EF6DAA7}.Debug|Any CPU.ActiveCfg = Debug|Any CPU
		{3FAC17CF-322D-43F6-A23F-DA467EF6DAA7}.Debug|Any CPU.Build.0 = Debug|Any CPU
		{3FAC17CF-322D-43F6-A23F-DA467EF6DAA7}.Release|Any CPU.ActiveCfg = Release|Any CPU
		{3FAC17CF-322D-43F6-A23F-DA467EF6DAA7}.Release|Any CPU.Build.0 = Release|Any CPU
		{9ADD6208-C80C-4E4E-9CA4-5DE64E66F847}.Debug|Any CPU.ActiveCfg = Debug|Any CPU
		{9ADD6208-C80C-4E4E-9CA4-5DE64E66F847}.Debug|Any CPU.Build.0 = Debug|Any CPU
		{9ADD6208-C80C-4E4E-9CA4-5DE64E66F847}.Release|Any CPU.ActiveCfg = Release|Any CPU
		{9ADD6208-C80C-4E4E-9CA4-5DE64E66F847}.Release|Any CPU.Build.0 = Release|Any CPU
		{EF3312A7-D1B3-4962-86CD-DBD1C7279BB8}.Debug|Any CPU.ActiveCfg = Debug|Any CPU
		{EF3312A7-D1B3-4962-86CD-DBD1C7279BB8}.Debug|Any CPU.Build.0 = Debug|Any CPU
		{EF3312A7-D1B3-4962-86CD-DBD1C7279BB8}.Release|Any CPU.ActiveCfg = Release|Any CPU
		{EF3312A7-D1B3-4962-86CD-DBD1C7279BB8}.Release|Any CPU.Build.0 = Release|Any CPU
		{532AAEB7-EB0A-4DF3-A610-CF97E304E014}.Debug|Any CPU.ActiveCfg = Debug|Any CPU
		{532AAEB7-EB0A-4DF3-A610-CF97E304E014}.Debug|Any CPU.Build.0 = Debug|Any CPU
		{532AAEB7-EB0A-4DF3-A610-CF97E304E014}.Release|Any CPU.ActiveCfg = Release|Any CPU
		{532AAEB7-EB0A-4DF3-A610-CF97E304E014}.Release|Any CPU.Build.0 = Release|Any CPU
		{9D076AFA-FD07-4D96-8241-F7019182C7D7}.Debug|Any CPU.ActiveCfg = Debug|Any CPU
		{9D076AFA-FD07-4D96-8241-F7019182C7D7}.Debug|Any CPU.Build.0 = Debug|Any CPU
		{9D076AFA-FD07-4D96-8241-F7019182C7D7}.Release|Any CPU.ActiveCfg = Release|Any CPU
		{9D076AFA-FD07-4D96-8241-F7019182C7D7}.Release|Any CPU.Build.0 = Release|Any CPU
	EndGlobalSection
	GlobalSection(SolutionProperties) = preSolution
		HideSolutionNode = FALSE
	EndGlobalSection
	GlobalSection(NestedProjects) = preSolution
		{CC2626FC-10EE-4CAD-983E-C6D2D7E97E2D} = {6A0D8315-2866-4F47-8756-6920B5213464}
		{94E78774-338F-40DC-A2BC-76A876414D8E} = {0922A594-5ECA-4767-990A-0F7140231718}
		{9804B999-FB27-4475-B256-988832F1B05C} = {23ACCFCA-7375-490D-81CA-B76D8FC70B4F}
		{41C01A01-A11D-492D-95D0-369CDC3A0DC8} = {23ACCFCA-7375-490D-81CA-B76D8FC70B4F}
		{71AB2FF6-1666-4FD9-A61D-A6F07A836BFE} = {D3FB912D-960B-4003-8D60-6DFD867A3019}
		{6F9D5C9D-BD1A-497F-9950-84095DE172F2} = {7B57A9BD-9159-4CBF-B0A3-B5C624C43590}
		{3FAC17CF-322D-43F6-A23F-DA467EF6DAA7} = {7B57A9BD-9159-4CBF-B0A3-B5C624C43590}
		{9ADD6208-C80C-4E4E-9CA4-5DE64E66F847} = {7B57A9BD-9159-4CBF-B0A3-B5C624C43590}
		{EF3312A7-D1B3-4962-86CD-DBD1C7279BB8} = {7B57A9BD-9159-4CBF-B0A3-B5C624C43590}
		{532AAEB7-EB0A-4DF3-A610-CF97E304E014} = {21E9DE84-9019-40E0-9A00-83F24FB8452F}
		{9D076AFA-FD07-4D96-8241-F7019182C7D7} = {7B57A9BD-9159-4CBF-B0A3-B5C624C43590}
	EndGlobalSection
	GlobalSection(ExtensibilityGlobals) = postSolution
		SolutionGuid = {55060737-3D01-4CF5-A3AF-7564FB7F399A}
	EndGlobalSection
EndGlobal
